
Microsoft Visual Studio Solution File, Format Version 12.00
# Visual Studio Version 17
VisualStudioVersion = 17.14.36310.24 d17.14
MinimumVisualStudioVersion = 10.0.40219.1
Project("{FAE04EC0-301F-11D3-BF4B-00C04F79EFBC}") = "classes", "classes.csproj", "{1DF993E1-9AF4-4678-8A7C-ED39559D8FC5}"
EndProject
Global
	GlobalSection(SolutionConfigurationPlatforms) = preSolution
		Debug|Any CPU = Debug|Any CPU
		Release|Any CPU = Release|Any CPU
	EndGlobalSection
	GlobalSection(ProjectConfigurationPlatforms) = postSolution
		{1DF993E1-9AF4-4678-8A7C-ED39559D8FC5}.Debug|Any CPU.ActiveCfg = Debug|Any CPU
		{1DF993E1-9AF4-4678-8A7C-ED39559D8FC5}.Debug|Any CPU.Build.0 = Debug|Any CPU
		{1DF993E1-9AF4-4678-8A7C-ED39559D8FC5}.Release|Any CPU.ActiveCfg = Release|Any CPU
		{1DF993E1-9AF4-4678-8A7C-ED39559D8FC5}.Release|Any CPU.Build.0 = Release|Any CPU
	EndGlobalSection
	GlobalSection(SolutionProperties) = preSolution
		HideSolutionNode = FALSE
	EndGlobalSection
	GlobalSection(ExtensibilityGlobals) = postSolution
		SolutionGuid = {157832B5-2C1A-4E5B-A638-7FABFC7A57A6}
	EndGlobalSection
EndGlobal
