
Microsoft Visual Studio Solution File, Format Version 12.00
# Visual Studio Version 17
VisualStudioVersion = 17.14.36310.24 d17.14
MinimumVisualStudioVersion = 10.0.40219.1
Project("{FAE04EC0-301F-11D3-BF4B-00C04F79EFBC}") = "Alertas", "Alertas.csproj", "{FAF75959-1D4B-472B-BB2A-EF7A3041C0CA}"
EndProject
Global
	GlobalSection(SolutionConfigurationPlatforms) = preSolution
		Debug|Any CPU = Debug|Any CPU
		Release|Any CPU = Release|Any CPU
	EndGlobalSection
	GlobalSection(ProjectConfigurationPlatforms) = postSolution
		{FAF75959-1D4B-472B-BB2A-EF7A3041C0CA}.Debug|Any CPU.ActiveCfg = Debug|Any CPU
		{FAF75959-1D4B-472B-BB2A-EF7A3041C0CA}.Debug|Any CPU.Build.0 = Debug|Any CPU
		{FAF75959-1D4B-472B-BB2A-EF7A3041C0CA}.Release|Any CPU.ActiveCfg = Release|Any CPU
		{FAF75959-1D4B-472B-BB2A-EF7A3041C0CA}.Release|Any CPU.Build.0 = Release|Any CPU
	EndGlobalSection
	GlobalSection(SolutionProperties) = preSolution
		HideSolutionNode = FALSE
	EndGlobalSection
	GlobalSection(ExtensibilityGlobals) = postSolution
		SolutionGuid = {33C4A1AB-D2F2-4C64-A1D9-7A2D9D707369}
	EndGlobalSection
EndGlobal
